{
  "name": "twitch-bot",
  "version": "1.0.0",
  "lockfileVersion": 2,
  "requires": true,
  "packages": {
    "": {
      "version": "1.0.0",
      "license": "Apache-2.0",
      "dependencies": {
        "dotenv": "^8.2.0",
        "ssapi-node": "^1.0.4",
        "tmi.js": "^1.7.5",
        "twitch-auth": "^4.5.0",
        "twitch-auth-tmi": "^4.5.0"
      }
    },
    "node_modules/@d-fischer/cross-fetch": {
      "version": "4.0.2",
      "resolved": "https://registry.npmjs.org/@d-fischer/cross-fetch/-/cross-fetch-4.0.2.tgz",
      "integrity": "sha512-3ONhZxPmgCerBi8rU9kDQktF2zMpv7gkVJuoR8I+pYeO4QWccEcqQem0i1mLBh7/y7ejR474RZb3S3EO/Sdi3A==",
      "dependencies": {
        "node-fetch": "2.6.1"
      }
    },
    "node_modules/@d-fischer/deprecate": {
      "version": "2.0.2",
      "resolved": "https://registry.npmjs.org/@d-fischer/deprecate/-/deprecate-2.0.2.tgz",
      "integrity": "sha512-wlw3HwEanJFJKctwLzhfOM6LKwR70FPfGZGoKOhWBKyOPXk+3a9Cc6S9zhm6tka7xKtpmfxVIReGUwPnMbIaZg=="
    },
    "node_modules/@d-fischer/logger": {
      "version": "3.1.0",
      "resolved": "https://registry.npmjs.org/@d-fischer/logger/-/logger-3.1.0.tgz",
      "integrity": "sha512-kNg9PjmiyH9DMr70mAWU+i+dy3+e1hI0lR+No5RJduQtexI247NmEzNd0pethpwm+1uA0MRf3w9QnqZ1PHKvyA==",
      "dependencies": {
        "detect-node": "^2.0.4",
        "tslib": "^2.0.3"
      }
    },
    "node_modules/@d-fischer/qs": {
      "version": "7.0.2",
      "resolved": "https://registry.npmjs.org/@d-fischer/qs/-/qs-7.0.2.tgz",
      "integrity": "sha512-yAu3xDooiL+ef84Jo8nLjDjWBRk7RXk163Y6aTvRB7FauYd3spQD/dWvgT7R4CrN54Juhrrc3dMY7mc+jZGurQ==",
      "engines": {
        "node": ">=0.6"
      },
      "funding": {
        "url": "https://github.com/sponsors/d-fischer"
      }
    },
    "node_modules/@d-fischer/shared-utils": {
      "version": "3.0.1",
      "resolved": "https://registry.npmjs.org/@d-fischer/shared-utils/-/shared-utils-3.0.1.tgz",
      "integrity": "sha512-q+ipJ0HN1SeC9MXYLpZvtNjNwaEhqmVK0pquaEjWWAZGntEzTQ1KugBUHeYo04dPdOCh7Eovn/hp1mvobc0rgg==",
      "dependencies": {
        "@types/node": "^14.11.2",
        "tslib": "^2.0.3"
      },
      "funding": {
        "url": "https://github.com/sponsors/d-fischer"
      }
    },
    "node_modules/@types/node": {
      "version": "14.14.32",
      "resolved": "https://registry.npmjs.org/@types/node/-/node-14.14.32.tgz",
      "integrity": "sha512-/Ctrftx/zp4m8JOujM5ZhwzlWLx22nbQJiVqz8/zE15gOeEW+uly3FSX4fGFpcfEvFzXcMCJwq9lGVWgyARXhg=="
    },
    "node_modules/@types/node-fetch": {
      "version": "2.5.8",
      "resolved": "https://registry.npmjs.org/@types/node-fetch/-/node-fetch-2.5.8.tgz",
      "integrity": "sha512-fbjI6ja0N5ZA8TV53RUqzsKNkl9fv8Oj3T7zxW7FGv1GSH7gwJaNF8dzCjrqKaxKeUpTz4yT1DaJFq/omNpGfw==",
      "dependencies": {
        "@types/node": "*",
        "form-data": "^3.0.0"
      }
    },
    "node_modules/@types/tmi.js": {
      "version": "1.7.1",
      "resolved": "https://registry.npmjs.org/@types/tmi.js/-/tmi.js-1.7.1.tgz",
      "integrity": "sha512-sZ/4WlCFSKIp6sPwRMpBlSvARXMaBzIQuxLQL4v+Ymga3LiH+Xw6WuPN5odkNWDmjPVoLqSwEuCCVsFjM4c7Ug=="
    },
    "node_modules/asynckit": {
      "version": "0.4.0",
      "resolved": "https://registry.npmjs.org/asynckit/-/asynckit-0.4.0.tgz",
      "integrity": "sha1-x57Zf380y48robyXkLzDZkdLS3k="
    },
    "node_modules/axios": {
      "version": "0.21.1",
      "resolved": "https://registry.npmjs.org/axios/-/axios-0.21.1.tgz",
      "integrity": "sha512-dKQiRHxGD9PPRIUNIWvZhPTPpl1rf/OxTYKsqKUDjBwYylTvV7SjSHJb9ratfyzM6wCdLCOYLzs73qpg5c4iGA==",
      "dependencies": {
        "follow-redirects": "^1.10.0"
      }
    },
    "node_modules/combined-stream": {
      "version": "1.0.8",
      "resolved": "https://registry.npmjs.org/combined-stream/-/combined-stream-1.0.8.tgz",
      "integrity": "sha512-FQN4MRfuJeHf7cBbBMJFXhKSDq+2kAArBlmRBvcvFE5BB1HZKXtSFASDhdlz9zOYwxh8lDdnvmMOe/+5cdoEdg==",
      "dependencies": {
        "delayed-stream": "~1.0.0"
      },
      "engines": {
        "node": ">= 0.8"
      }
    },
    "node_modules/delayed-stream": {
      "version": "1.0.0",
      "resolved": "https://registry.npmjs.org/delayed-stream/-/delayed-stream-1.0.0.tgz",
      "integrity": "sha1-3zrhmayt+31ECqrgsp4icrJOxhk=",
      "engines": {
        "node": ">=0.4.0"
      }
    },
    "node_modules/detect-node": {
      "version": "2.0.4",
      "resolved": "https://registry.npmjs.org/detect-node/-/detect-node-2.0.4.tgz",
      "integrity": "sha512-ZIzRpLJrOj7jjP2miAtgqIfmzbxa4ZOr5jJc601zklsfEx9oTzmmj2nVpIPRpNlRTIh8lc1kyViIY7BWSGNmKw=="
    },
    "node_modules/dotenv": {
      "version": "8.2.0",
      "resolved": "https://registry.npmjs.org/dotenv/-/dotenv-8.2.0.tgz",
      "integrity": "sha512-8sJ78ElpbDJBHNeBzUbUVLsqKdccaa/BXF1uPTw3GrvQTBgrQrtObr2mUrE38vzYd8cEv+m/JBfDLioYcfXoaw==",
      "engines": {
        "node": ">=8"
      }
    },
    "node_modules/follow-redirects": {
      "version": "1.13.3",
      "resolved": "https://registry.npmjs.org/follow-redirects/-/follow-redirects-1.13.3.tgz",
      "integrity": "sha512-DUgl6+HDzB0iEptNQEXLx/KhTmDb8tZUHSeLqpnjpknR70H0nC2t9N73BK6fN4hOvJ84pKlIQVQ4k5FFlBedKA==",
      "funding": [
        {
          "type": "individual",
          "url": "https://github.com/sponsors/RubenVerborgh"
        }
      ],
      "engines": {
        "node": ">=4.0"
      },
      "peerDependenciesMeta": {
        "debug": {
          "optional": true
        }
      }
    },
    "node_modules/form-data": {
      "version": "3.0.1",
      "resolved": "https://registry.npmjs.org/form-data/-/form-data-3.0.1.tgz",
      "integrity": "sha512-RHkBKtLWUVwd7SqRIvCZMEvAMoGUp0XU+seQiZejj0COz3RI3hWP4sCv3gZWWLjJTd7rGwcsF5eKZGii0r/hbg==",
      "dependencies": {
        "asynckit": "^0.4.0",
        "combined-stream": "^1.0.8",
        "mime-types": "^2.1.12"
      },
      "engines": {
        "node": ">= 6"
      }
    },
    "node_modules/mime-db": {
      "version": "1.46.0",
      "resolved": "https://registry.npmjs.org/mime-db/-/mime-db-1.46.0.tgz",
      "integrity": "sha512-svXaP8UQRZ5K7or+ZmfNhg2xX3yKDMUzqadsSqi4NCH/KomcH75MAMYAGVlvXn4+b/xOPhS3I2uHKRUzvjY7BQ==",
      "engines": {
        "node": ">= 0.6"
      }
    },
    "node_modules/mime-types": {
      "version": "2.1.29",
      "resolved": "https://registry.npmjs.org/mime-types/-/mime-types-2.1.29.tgz",
      "integrity": "sha512-Y/jMt/S5sR9OaqteJtslsFZKWOIIqMACsJSiHghlCAyhf7jfVYjKBmLiX8OgpWeW+fjJ2b+Az69aPFPkUOY6xQ==",
      "dependencies": {
        "mime-db": "1.46.0"
      },
      "engines": {
        "node": ">= 0.6"
      }
    },
    "node_modules/node-fetch": {
      "version": "2.6.1",
      "resolved": "https://registry.npmjs.org/node-fetch/-/node-fetch-2.6.1.tgz",
      "integrity": "sha512-V4aYg89jEoVRxRb2fJdAg8FHvI7cEyYdVAh94HH0UIK8oJxUfkjlDQN9RbMx+bEjP7+ggMiFRprSti032Oipxw==",
      "engines": {
        "node": "4.x || >=6.0.0"
      }
    },
    "node_modules/ssapi-node": {
      "version": "1.0.4",
      "resolved": "https://registry.npmjs.org/ssapi-node/-/ssapi-node-1.0.4.tgz",
      "integrity": "sha512-Y3aW7nmo9Ag6zWDJIiMsxekXNq/qTsGLsU+j2x3X0Sw3v4cWnFz0v2eRXq0cRrtttXtWxuv0RGfAnVp8j8vz1Q==",
      "dependencies": {
        "axios": "^0.21.1"
      }
    },
    "node_modules/tmi.js": {
      "version": "1.7.5",
      "resolved": "https://registry.npmjs.org/tmi.js/-/tmi.js-1.7.5.tgz",
      "integrity": "sha512-j3kAnJ8KkWbvwhKhQchleyzZEuPa/5rWdeV7MNBEYEAqGhbZuXR+FfI1QgKphYqUrJ4qFAB3WjHG2YlhGq3PDg==",
      "dependencies": {
        "node-fetch": "2.6.1",
        "ws": "7.4.3"
      },
      "engines": {
        "node": ">=10.0.0"
      }
    },
    "node_modules/tslib": {
      "version": "2.1.0",
      "resolved": "https://registry.npmjs.org/tslib/-/tslib-2.1.0.tgz",
      "integrity": "sha512-hcVC3wYEziELGGmEEXue7D75zbwIIVUMWAVbHItGPx0ziyXxrOMQx4rQEVEV45Ut/1IotuEvwqPopzIOkDMf0A=="
    },
    "node_modules/twitch-api-call": {
      "version": "4.5.0",
      "resolved": "https://registry.npmjs.org/twitch-api-call/-/twitch-api-call-4.5.0.tgz",
      "integrity": "sha512-HgI35tE1w3NVSMf/TCC0+l7mQAqSP+R5d8VZ8zA82wbP370qxWp3/3P2gfnblbbEKA+UTsDARfCb0GZaHfmN0A==",
      "dependencies": {
        "@d-fischer/cross-fetch": "^4.0.2",
        "@d-fischer/qs": "^7.0.2",
        "@types/node-fetch": "^2.5.7",
        "node-fetch": "^2.6.1",
        "tslib": "^2.0.3",
        "twitch-common": "^4.5.0"
      },
      "funding": {
        "url": "https://github.com/sponsors/d-fischer"
      }
    },
    "node_modules/twitch-auth": {
      "version": "4.5.0",
      "resolved": "https://registry.npmjs.org/twitch-auth/-/twitch-auth-4.5.0.tgz",
      "integrity": "sha512-1T8eP6dSNp1zptcFWZzvnjNNqG3pw5SM04G2SzMRQH5NPQtuK4Kp3ClDOo8rYasTG8hrYoy3zSfdvql9HhZawQ==",
      "dependencies": {
        "@d-fischer/deprecate": "^2.0.2",
        "@d-fischer/logger": "^3.1.0",
        "@d-fischer/shared-utils": "^3.0.1",
        "tslib": "^2.0.3",
        "twitch-api-call": "^4.5.0",
        "twitch-common": "^4.5.0"
      },
      "funding": {
        "url": "https://github.com/sponsors/d-fischer"
      }
    },
    "node_modules/twitch-auth-tmi": {
      "version": "4.5.0",
      "resolved": "https://registry.npmjs.org/twitch-auth-tmi/-/twitch-auth-tmi-4.5.0.tgz",
      "integrity": "sha512-UQ0o4a0kwRjp4pRRXgxfQdTqb9/paOUBztq9nzJ5oWYqpOgQLeWAVE6oQv3PTVrMX1ktEYWdZBalXhFMGJwXRQ==",
      "dependencies": {
        "@types/tmi.js": "^1.7.1",
        "tslib": "^2.0.3"
      },
      "funding": {
        "url": "https://github.com/sponsors/d-fischer"
      },
      "peerDependencies": {
        "tmi.js": "^1.6.0",
        "twitch-auth": "^4.4.0"
      }
    },
    "node_modules/twitch-common": {
      "version": "4.5.0",
      "resolved": "https://registry.npmjs.org/twitch-common/-/twitch-common-4.5.0.tgz",
      "integrity": "sha512-upz4UGNUDJxwQnL3eOZ+r0Mp5BpCx3571F5JQN5wiZm5W5ALg6dgLUxmae/uA7PllJJJhoeQTI6n+Bqy7GXuFA==",
      "dependencies": {
        "@d-fischer/logger": "^3.1.0",
        "@d-fischer/shared-utils": "^3.0.1",
        "tslib": "^2.0.3"
      },
      "funding": {
        "url": "https://github.com/sponsors/d-fischer"
      }
    },
    "node_modules/ws": {
      "version": "7.4.3",
      "resolved": "https://registry.npmjs.org/ws/-/ws-7.4.3.tgz",
      "integrity": "sha512-hr6vCR76GsossIRsr8OLR9acVVm1jyfEWvhbNjtgPOrfvAlKzvyeg/P6r8RuDjRyrcQoPQT7K0DGEPc7Ae6jzA==",
      "engines": {
        "node": ">=8.3.0"
      },
      "peerDependencies": {
        "bufferutil": "^4.0.1",
        "utf-8-validate": "^5.0.2"
      },
      "peerDependenciesMeta": {
        "bufferutil": {
          "optional": true
        },
        "utf-8-validate": {
          "optional": true
        }
      }
    }
  },
  "dependencies": {
    "@d-fischer/cross-fetch": {
      "version": "4.0.2",
      "resolved": "https://registry.npmjs.org/@d-fischer/cross-fetch/-/cross-fetch-4.0.2.tgz",
      "integrity": "sha512-3ONhZxPmgCerBi8rU9kDQktF2zMpv7gkVJuoR8I+pYeO4QWccEcqQem0i1mLBh7/y7ejR474RZb3S3EO/Sdi3A==",
      "requires": {
        "node-fetch": "2.6.1"
      }
    },
    "@d-fischer/deprecate": {
      "version": "2.0.2",
      "resolved": "https://registry.npmjs.org/@d-fischer/deprecate/-/deprecate-2.0.2.tgz",
      "integrity": "sha512-wlw3HwEanJFJKctwLzhfOM6LKwR70FPfGZGoKOhWBKyOPXk+3a9Cc6S9zhm6tka7xKtpmfxVIReGUwPnMbIaZg=="
    },
    "@d-fischer/logger": {
      "version": "3.1.0",
      "resolved": "https://registry.npmjs.org/@d-fischer/logger/-/logger-3.1.0.tgz",
      "integrity": "sha512-kNg9PjmiyH9DMr70mAWU+i+dy3+e1hI0lR+No5RJduQtexI247NmEzNd0pethpwm+1uA0MRf3w9QnqZ1PHKvyA==",
      "requires": {
        "detect-node": "^2.0.4",
        "tslib": "^2.0.3"
      }
    },
    "@d-fischer/qs": {
      "version": "7.0.2",
      "resolved": "https://registry.npmjs.org/@d-fischer/qs/-/qs-7.0.2.tgz",
      "integrity": "sha512-yAu3xDooiL+ef84Jo8nLjDjWBRk7RXk163Y6aTvRB7FauYd3spQD/dWvgT7R4CrN54Juhrrc3dMY7mc+jZGurQ=="
    },
    "@d-fischer/shared-utils": {
      "version": "3.0.1",
      "resolved": "https://registry.npmjs.org/@d-fischer/shared-utils/-/shared-utils-3.0.1.tgz",
      "integrity": "sha512-q+ipJ0HN1SeC9MXYLpZvtNjNwaEhqmVK0pquaEjWWAZGntEzTQ1KugBUHeYo04dPdOCh7Eovn/hp1mvobc0rgg==",
      "requires": {
        "@types/node": "^14.11.2",
        "tslib": "^2.0.3"
      }
    },
    "@types/node": {
      "version": "14.14.32",
      "resolved": "https://registry.npmjs.org/@types/node/-/node-14.14.32.tgz",
      "integrity": "sha512-/Ctrftx/zp4m8JOujM5ZhwzlWLx22nbQJiVqz8/zE15gOeEW+uly3FSX4fGFpcfEvFzXcMCJwq9lGVWgyARXhg=="
    },
    "@types/node-fetch": {
      "version": "2.5.8",
      "resolved": "https://registry.npmjs.org/@types/node-fetch/-/node-fetch-2.5.8.tgz",
      "integrity": "sha512-fbjI6ja0N5ZA8TV53RUqzsKNkl9fv8Oj3T7zxW7FGv1GSH7gwJaNF8dzCjrqKaxKeUpTz4yT1DaJFq/omNpGfw==",
      "requires": {
        "@types/node": "*",
        "form-data": "^3.0.0"
      }
    },
    "@types/tmi.js": {
      "version": "1.7.1",
      "resolved": "https://registry.npmjs.org/@types/tmi.js/-/tmi.js-1.7.1.tgz",
      "integrity": "sha512-sZ/4WlCFSKIp6sPwRMpBlSvARXMaBzIQuxLQL4v+Ymga3LiH+Xw6WuPN5odkNWDmjPVoLqSwEuCCVsFjM4c7Ug=="
    },
    "asynckit": {
      "version": "0.4.0",
      "resolved": "https://registry.npmjs.org/asynckit/-/asynckit-0.4.0.tgz",
      "integrity": "sha1-x57Zf380y48robyXkLzDZkdLS3k="
    },
    "axios": {
      "version": "0.21.1",
      "resolved": "https://registry.npmjs.org/axios/-/axios-0.21.1.tgz",
      "integrity": "sha512-dKQiRHxGD9PPRIUNIWvZhPTPpl1rf/OxTYKsqKUDjBwYylTvV7SjSHJb9ratfyzM6wCdLCOYLzs73qpg5c4iGA==",
      "requires": {
        "follow-redirects": "^1.10.0"
      }
    },
    "combined-stream": {
      "version": "1.0.8",
      "resolved": "https://registry.npmjs.org/combined-stream/-/combined-stream-1.0.8.tgz",
      "integrity": "sha512-FQN4MRfuJeHf7cBbBMJFXhKSDq+2kAArBlmRBvcvFE5BB1HZKXtSFASDhdlz9zOYwxh8lDdnvmMOe/+5cdoEdg==",
      "requires": {
        "delayed-stream": "~1.0.0"
      }
    },
    "delayed-stream": {
      "version": "1.0.0",
      "resolved": "https://registry.npmjs.org/delayed-stream/-/delayed-stream-1.0.0.tgz",
      "integrity": "sha1-3zrhmayt+31ECqrgsp4icrJOxhk="
    },
    "detect-node": {
      "version": "2.0.4",
      "resolved": "https://registry.npmjs.org/detect-node/-/detect-node-2.0.4.tgz",
      "integrity": "sha512-ZIzRpLJrOj7jjP2miAtgqIfmzbxa4ZOr5jJc601zklsfEx9oTzmmj2nVpIPRpNlRTIh8lc1kyViIY7BWSGNmKw=="
    },
    "dotenv": {
      "version": "8.2.0",
      "resolved": "https://registry.npmjs.org/dotenv/-/dotenv-8.2.0.tgz",
      "integrity": "sha512-8sJ78ElpbDJBHNeBzUbUVLsqKdccaa/BXF1uPTw3GrvQTBgrQrtObr2mUrE38vzYd8cEv+m/JBfDLioYcfXoaw=="
    },
    "follow-redirects": {
      "version": "1.13.3",
      "resolved": "https://registry.npmjs.org/follow-redirects/-/follow-redirects-1.13.3.tgz",
      "integrity": "sha512-DUgl6+HDzB0iEptNQEXLx/KhTmDb8tZUHSeLqpnjpknR70H0nC2t9N73BK6fN4hOvJ84pKlIQVQ4k5FFlBedKA=="
    },
    "form-data": {
      "version": "3.0.1",
      "resolved": "https://registry.npmjs.org/form-data/-/form-data-3.0.1.tgz",
      "integrity": "sha512-RHkBKtLWUVwd7SqRIvCZMEvAMoGUp0XU+seQiZejj0COz3RI3hWP4sCv3gZWWLjJTd7rGwcsF5eKZGii0r/hbg==",
      "requires": {
        "asynckit": "^0.4.0",
        "combined-stream": "^1.0.8",
        "mime-types": "^2.1.12"
      }
    },
    "mime-db": {
      "version": "1.46.0",
      "resolved": "https://registry.npmjs.org/mime-db/-/mime-db-1.46.0.tgz",
      "integrity": "sha512-svXaP8UQRZ5K7or+ZmfNhg2xX3yKDMUzqadsSqi4NCH/KomcH75MAMYAGVlvXn4+b/xOPhS3I2uHKRUzvjY7BQ=="
    },
    "mime-types": {
      "version": "2.1.29",
      "resolved": "https://registry.npmjs.org/mime-types/-/mime-types-2.1.29.tgz",
      "integrity": "sha512-Y/jMt/S5sR9OaqteJtslsFZKWOIIqMACsJSiHghlCAyhf7jfVYjKBmLiX8OgpWeW+fjJ2b+Az69aPFPkUOY6xQ==",
      "requires": {
        "mime-db": "1.46.0"
      }
    },
    "node-fetch": {
      "version": "2.6.1",
      "resolved": "https://registry.npmjs.org/node-fetch/-/node-fetch-2.6.1.tgz",
      "integrity": "sha512-V4aYg89jEoVRxRb2fJdAg8FHvI7cEyYdVAh94HH0UIK8oJxUfkjlDQN9RbMx+bEjP7+ggMiFRprSti032Oipxw=="
    },
    "ssapi-node": {
      "version": "1.0.4",
      "resolved": "https://registry.npmjs.org/ssapi-node/-/ssapi-node-1.0.4.tgz",
      "integrity": "sha512-Y3aW7nmo9Ag6zWDJIiMsxekXNq/qTsGLsU+j2x3X0Sw3v4cWnFz0v2eRXq0cRrtttXtWxuv0RGfAnVp8j8vz1Q==",
      "requires": {
        "axios": "^0.21.1"
      }
    },
    "tmi.js": {
      "version": "1.7.5",
      "resolved": "https://registry.npmjs.org/tmi.js/-/tmi.js-1.7.5.tgz",
      "integrity": "sha512-j3kAnJ8KkWbvwhKhQchleyzZEuPa/5rWdeV7MNBEYEAqGhbZuXR+FfI1QgKphYqUrJ4qFAB3WjHG2YlhGq3PDg==",
      "requires": {
        "node-fetch": "2.6.1",
        "ws": "7.4.3"
      }
    },
    "tslib": {
      "version": "2.1.0",
      "resolved": "https://registry.npmjs.org/tslib/-/tslib-2.1.0.tgz",
      "integrity": "sha512-hcVC3wYEziELGGmEEXue7D75zbwIIVUMWAVbHItGPx0ziyXxrOMQx4rQEVEV45Ut/1IotuEvwqPopzIOkDMf0A=="
    },
    "twitch-api-call": {
      "version": "4.5.0",
      "resolved": "https://registry.npmjs.org/twitch-api-call/-/twitch-api-call-4.5.0.tgz",
      "integrity": "sha512-HgI35tE1w3NVSMf/TCC0+l7mQAqSP+R5d8VZ8zA82wbP370qxWp3/3P2gfnblbbEKA+UTsDARfCb0GZaHfmN0A==",
      "requires": {
        "@d-fischer/cross-fetch": "^4.0.2",
        "@d-fischer/qs": "^7.0.2",
        "@types/node-fetch": "^2.5.7",
        "node-fetch": "^2.6.1",
        "tslib": "^2.0.3",
        "twitch-common": "^4.5.0"
      }
    },
    "twitch-auth": {
      "version": "4.5.0",
      "resolved": "https://registry.npmjs.org/twitch-auth/-/twitch-auth-4.5.0.tgz",
      "integrity": "sha512-1T8eP6dSNp1zptcFWZzvnjNNqG3pw5SM04G2SzMRQH5NPQtuK4Kp3ClDOo8rYasTG8hrYoy3zSfdvql9HhZawQ==",
      "requires": {
        "@d-fischer/deprecate": "^2.0.2",
        "@d-fischer/logger": "^3.1.0",
        "@d-fischer/shared-utils": "^3.0.1",
        "tslib": "^2.0.3",
        "twitch-api-call": "^4.5.0",
        "twitch-common": "^4.5.0"
      }
    },
    "twitch-auth-tmi": {
      "version": "4.5.0",
      "resolved": "https://registry.npmjs.org/twitch-auth-tmi/-/twitch-auth-tmi-4.5.0.tgz",
      "integrity": "sha512-UQ0o4a0kwRjp4pRRXgxfQdTqb9/paOUBztq9nzJ5oWYqpOgQLeWAVE6oQv3PTVrMX1ktEYWdZBalXhFMGJwXRQ==",
      "requires": {
        "@types/tmi.js": "^1.7.1",
        "tslib": "^2.0.3"
      }
    },
    "twitch-common": {
      "version": "4.5.0",
      "resolved": "https://registry.npmjs.org/twitch-common/-/twitch-common-4.5.0.tgz",
      "integrity": "sha512-upz4UGNUDJxwQnL3eOZ+r0Mp5BpCx3571F5JQN5wiZm5W5ALg6dgLUxmae/uA7PllJJJhoeQTI6n+Bqy7GXuFA==",
      "requires": {
        "@d-fischer/logger": "^3.1.0",
        "@d-fischer/shared-utils": "^3.0.1",
        "tslib": "^2.0.3"
      }
    },
    "ws": {
      "version": "7.4.3",
      "resolved": "https://registry.npmjs.org/ws/-/ws-7.4.3.tgz",
      "integrity": "sha512-hr6vCR76GsossIRsr8OLR9acVVm1jyfEWvhbNjtgPOrfvAlKzvyeg/P6r8RuDjRyrcQoPQT7K0DGEPc7Ae6jzA==",
      "requires": {}
    }
  }
}
